<?xml version="1.0" encoding="utf-8"?>
<Project ToolsVersion="4.0" xmlns="http://schemas.microsoft.com/developer/msbuild/2003">
  <ItemGroup>
    <Filter Include="源文件">
      <UniqueIdentifier>{4FC737F1-C7A5-4376-A066-2A32D752A2FF}</UniqueIdentifier>
      <Extensions>cpp;c;cc;cxx;def;odl;idl;hpj;bat;asm;asmx</Extensions>
    </Filter>
    <Filter Include="头文件">
      <UniqueIdentifier>{93995380-89BD-4b04-88EB-625FBE52EBFB}</UniqueIdentifier>
      <Extensions>h;hh;hpp;hxx;hm;inl;inc;xsd</Extensions>
    </Filter>
    <Filter Include="资源文件">
      <UniqueIdentifier>{67DA6AB6-F800-4c08-8B7A-83BB121AAD01}</UniqueIdentifier>
      <Extensions>rc;ico;cur;bmp;dlg;rc2;rct;bin;rgs;gif;jpg;jpeg;jpe;resx;tiff;tif;png;wav;mfcribbon-ms</Extensions>
    </Filter>
  </ItemGroup>
  <ItemGroup>
    <ClCompile Include="src\3rdparty\botan\botan\botan.cpp">
      <Filter>源文件</Filter>
    </ClCompile>
    <ClCompile Include="src\3rdparty\muparser\muParser.cpp">
      <Filter>源文件</Filter>
    </ClCompile>
    <ClCompile Include="src\3rdparty\muparser\muParserBase.cpp">
      <Filter>源文件</Filter>
    </ClCompile>
    <ClCompile Include="src\3rdparty\muparser\muParserBytecode.cpp">
      <Filter>源文件</Filter>
    </ClCompile>
    <ClCompile Include="src\3rdparty\muparser\muParserCallback.cpp">
      <Filter>源文件</Filter>
    </ClCompile>
    <ClCompile Include="src\3rdparty\muparser\muParserDLL.cpp">
      <Filter>源文件</Filter>
    </ClCompile>
    <ClCompile Include="src\3rdparty\muparser\muParserError.cpp">
      <Filter>源文件</Filter>
    </ClCompile>
    <ClCompile Include="src\3rdparty\muparser\muParserInt.cpp">
      <Filter>源文件</Filter>
    </ClCompile>
    <ClCompile Include="src\3rdparty\muparser\muParserTest.cpp">
      <Filter>源文件</Filter>
    </ClCompile>
    <ClCompile Include="src\3rdparty\muparser\muParserTokenReader.cpp">
      <Filter>源文件</Filter>
    </ClCompile>
    <ClCompile Include="src\3rdparty\qcustomplot\qcustomplot.cpp">
      <Filter>源文件</Filter>
    </ClCompile>
    <ClCompile Include="src\3rdparty\qssh\sftpchannel.cpp">
      <Filter>源文件</Filter>
    </ClCompile>
    <ClCompile Include="src\3rdparty\qssh\sftpdefs.cpp">
      <Filter>源文件</Filter>
    </ClCompile>
    <ClCompile Include="src\3rdparty\qssh\sftpfilesystemmodel.cpp">
      <Filter>源文件</Filter>
    </ClCompile>
    <ClCompile Include="src\3rdparty\qssh\sftpincomingpacket.cpp">
      <Filter>源文件</Filter>
    </ClCompile>
    <ClCompile Include="src\3rdparty\qssh\sftpoperation.cpp">
      <Filter>源文件</Filter>
    </ClCompile>
    <ClCompile Include="src\3rdparty\qssh\sftpoutgoingpacket.cpp">
      <Filter>源文件</Filter>
    </ClCompile>
    <ClCompile Include="src\3rdparty\qssh\sftppacket.cpp">
      <Filter>源文件</Filter>
    </ClCompile>
    <ClCompile Include="src\3rdparty\qssh\sshcapabilities.cpp">
      <Filter>源文件</Filter>
    </ClCompile>
    <ClCompile Include="src\3rdparty\qssh\sshchannel.cpp">
      <Filter>源文件</Filter>
    </ClCompile>
    <ClCompile Include="src\3rdparty\qssh\sshchannelmanager.cpp">
      <Filter>源文件</Filter>
    </ClCompile>
    <ClCompile Include="src\3rdparty\qssh\sshconnection.cpp">
      <Filter>源文件</Filter>
    </ClCompile>
    <ClCompile Include="src\3rdparty\qssh\sshconnectionmanager.cpp">
      <Filter>源文件</Filter>
    </ClCompile>
    <ClCompile Include="src\3rdparty\qssh\sshcryptofacility.cpp">
      <Filter>源文件</Filter>
    </ClCompile>
    <ClCompile Include="src\3rdparty\qssh\sshincomingpacket.cpp">
      <Filter>源文件</Filter>
    </ClCompile>
    <ClCompile Include="src\3rdparty\qssh\sshkeyexchange.cpp">
      <Filter>源文件</Filter>
    </ClCompile>
    <ClCompile Include="src\3rdparty\qssh\sshkeygenerator.cpp">
      <Filter>源文件</Filter>
    </ClCompile>
    <ClCompile Include="src\3rdparty\qssh\sshkeypasswordretriever.cpp">
      <Filter>源文件</Filter>
    </ClCompile>
    <ClCompile Include="src\3rdparty\qssh\sshoutgoingpacket.cpp">
      <Filter>源文件</Filter>
    </ClCompile>
    <ClCompile Include="src\3rdparty\qssh\sshpacket.cpp">
      <Filter>源文件</Filter>
    </ClCompile>
    <ClCompile Include="src\3rdparty\qssh\sshpacketparser.cpp">
      <Filter>源文件</Filter>
    </ClCompile>
    <ClCompile Include="src\3rdparty\qssh\sshremoteprocess.cpp">
      <Filter>源文件</Filter>
    </ClCompile>
    <ClCompile Include="src\3rdparty\qssh\sshremoteprocessrunner.cpp">
      <Filter>源文件</Filter>
    </ClCompile>
    <ClCompile Include="src\3rdparty\qssh\sshsendfacility.cpp">
      <Filter>源文件</Filter>
    </ClCompile>
    <ClCompile Include="src\3rdparty\tachyon\tachyon\api.c">
      <Filter>源文件</Filter>
    </ClCompile>
    <ClCompile Include="src\3rdparty\tachyon\tachyon\apigeom.c">
      <Filter>源文件</Filter>
    </ClCompile>
    <ClCompile Include="src\3rdparty\tachyon\tachyon\apitrigeom.c">
      <Filter>源文件</Filter>
    </ClCompile>
    <ClCompile Include="src\3rdparty\tachyon\tachyon\box.c">
      <Filter>源文件</Filter>
    </ClCompile>
    <ClCompile Include="src\3rdparty\tachyon\tachyon\camera.c">
      <Filter>源文件</Filter>
    </ClCompile>
    <ClCompile Include="src\3rdparty\tachyon\tachyon\cone.c">
      <Filter>源文件</Filter>
    </ClCompile>
    <ClCompile Include="src\3rdparty\tachyon\tachyon\coordsys.c">
      <Filter>源文件</Filter>
    </ClCompile>
    <ClCompile Include="src\3rdparty\tachyon\tachyon\cylinder.c">
      <Filter>源文件</Filter>
    </ClCompile>
    <ClCompile Include="src\3rdparty\tachyon\tachyon\extvol.c">
      <Filter>源文件</Filter>
    </ClCompile>
    <ClCompile Include="src\3rdparty\tachyon\tachyon\global.c">
      <Filter>源文件</Filter>
    </ClCompile>
    <ClCompile Include="src\3rdparty\tachyon\tachyon\grid.c">
      <Filter>源文件</Filter>
    </ClCompile>
    <ClCompile Include="src\3rdparty\tachyon\tachyon\hash.c">
      <Filter>源文件</Filter>
    </ClCompile>
    <ClCompile Include="src\3rdparty\tachyon\tachyon\imageio.c">
      <Filter>源文件</Filter>
    </ClCompile>
    <ClCompile Include="src\3rdparty\tachyon\tachyon\imap.c">
      <Filter>源文件</Filter>
    </ClCompile>
    <ClCompile Include="src\3rdparty\tachyon\tachyon\intersect.c">
      <Filter>源文件</Filter>
    </ClCompile>
    <ClCompile Include="src\3rdparty\tachyon\tachyon\jpeg.c">
      <Filter>源文件</Filter>
    </ClCompile>
    <ClCompile Include="src\3rdparty\tachyon\tachyon\light.c">
      <Filter>源文件</Filter>
    </ClCompile>
    <ClCompile Include="src\3rdparty\tachyon\tachyon\parallel.c">
      <Filter>源文件</Filter>
    </ClCompile>
    <ClCompile Include="src\3rdparty\tachyon\tachyon\parvol.c">
      <Filter>源文件</Filter>
    </ClCompile>
    <ClCompile Include="src\3rdparty\tachyon\tachyon\plane.c">
      <Filter>源文件</Filter>
    </ClCompile>
    <ClCompile Include="src\3rdparty\tachyon\tachyon\pngfile.c">
      <Filter>源文件</Filter>
    </ClCompile>
    <ClCompile Include="src\3rdparty\tachyon\tachyon\ppm.c">
      <Filter>源文件</Filter>
    </ClCompile>
    <ClCompile Include="src\3rdparty\tachyon\tachyon\psd.c">
      <Filter>源文件</Filter>
    </ClCompile>
    <ClCompile Include="src\3rdparty\tachyon\tachyon\quadric.c">
      <Filter>源文件</Filter>
    </ClCompile>
    <ClCompile Include="src\3rdparty\tachyon\tachyon\render.c">
      <Filter>源文件</Filter>
    </ClCompile>
    <ClCompile Include="src\3rdparty\tachyon\tachyon\ring.c">
      <Filter>源文件</Filter>
    </ClCompile>
    <ClCompile Include="src\3rdparty\tachyon\tachyon\sgirgb.c">
      <Filter>源文件</Filter>
    </ClCompile>
    <ClCompile Include="src\3rdparty\tachyon\tachyon\shade.c">
      <Filter>源文件</Filter>
    </ClCompile>
    <ClCompile Include="src\3rdparty\tachyon\tachyon\sphere.c">
      <Filter>源文件</Filter>
    </ClCompile>
    <ClCompile Include="src\3rdparty\tachyon\tachyon\texture.c">
      <Filter>源文件</Filter>
    </ClCompile>
    <ClCompile Include="src\3rdparty\tachyon\tachyon\tgafile.c">
      <Filter>源文件</Filter>
    </ClCompile>
    <ClCompile Include="src\3rdparty\tachyon\tachyon\threads.c">
      <Filter>源文件</Filter>
    </ClCompile>
    <ClCompile Include="src\3rdparty\tachyon\tachyon\trace.c">
      <Filter>源文件</Filter>
    </ClCompile>
    <ClCompile Include="src\3rdparty\tachyon\tachyon\triangle.c">
      <Filter>源文件</Filter>
    </ClCompile>
    <ClCompile Include="src\3rdparty\tachyon\tachyon\ui.c">
      <Filter>源文件</Filter>
    </ClCompile>
    <ClCompile Include="src\3rdparty\tachyon\tachyon\util.c">
      <Filter>源文件</Filter>
    </ClCompile>
    <ClCompile Include="src\3rdparty\tachyon\tachyon\vector.c">
      <Filter>源文件</Filter>
    </ClCompile>
    <ClCompile Include="src\3rdparty\tachyon\tachyon\vol.c">
      <Filter>源文件</Filter>
    </ClCompile>
    <ClCompile Include="src\3rdparty\tachyon\tachyon\winbmp.c">
      <Filter>源文件</Filter>
    </ClCompile>
    <ClCompile Include="src\3rdparty\voro++\examples\basic\import.cc">
      <Filter>源文件</Filter>
    </ClCompile>
    <ClCompile Include="src\3rdparty\voro++\examples\basic\platonic.cc">
      <Filter>源文件</Filter>
    </ClCompile>
    <ClCompile Include="src\3rdparty\voro++\examples\basic\random_points.cc">
      <Filter>源文件</Filter>
    </ClCompile>
    <ClCompile Include="src\3rdparty\voro++\examples\basic\single_cell.cc">
      <Filter>源文件</Filter>
    </ClCompile>
    <ClCompile Include="src\3rdparty\voro++\examples\custom\cell_statistics.cc">
      <Filter>源文件</Filter>
    </ClCompile>
    <ClCompile Include="src\3rdparty\voro++\examples\custom\custom_output.cc">
      <Filter>源文件</Filter>
    </ClCompile>
    <ClCompile Include="src\3rdparty\voro++\examples\custom\radical.cc">
      <Filter>源文件</Filter>
    </ClCompile>
    <ClCompile Include="src\3rdparty\voro++\examples\degenerate\degenerate.cc">
      <Filter>源文件</Filter>
    </ClCompile>
    <ClCompile Include="src\3rdparty\voro++\examples\degenerate\degenerate2.cc">
      <Filter>源文件</Filter>
    </ClCompile>
    <ClCompile Include="src\3rdparty\voro++\examples\extra\box_cut.cc">
      <Filter>源文件</Filter>
    </ClCompile>
    <ClCompile Include="src\3rdparty\voro++\examples\extra\cut_region.cc">
      <Filter>源文件</Filter>
    </ClCompile>
    <ClCompile Include="src\3rdparty\voro++\examples\extra\irregular.cc">
      <Filter>源文件</Filter>
    </ClCompile>
    <ClCompile Include="src\3rdparty\voro++\examples\extra\superellipsoid.cc">
      <Filter>源文件</Filter>
    </ClCompile>
    <ClCompile Include="src\3rdparty\voro++\examples\interface\find_voro_cell.cc">
      <Filter>源文件</Filter>
    </ClCompile>
    <ClCompile Include="src\3rdparty\voro++\examples\interface\loops.cc">
      <Filter>源文件</Filter>
    </ClCompile>
    <ClCompile Include="src\3rdparty\voro++\examples\interface\odd_even.cc">
      <Filter>源文件</Filter>
    </ClCompile>
    <ClCompile Include="src\3rdparty\voro++\examples\interface\polygons.cc">
      <Filter>源文件</Filter>
    </ClCompile>
    <ClCompile Include="src\3rdparty\voro++\examples\timing\timing_test.cc">
      <Filter>源文件</Filter>
    </ClCompile>
    <ClCompile Include="src\3rdparty\voro++\examples\walls\cylinder.cc">
      <Filter>源文件</Filter>
    </ClCompile>
    <ClCompile Include="src\3rdparty\voro++\examples\walls\frustum.cc">
      <Filter>源文件</Filter>
    </ClCompile>
    <ClCompile Include="src\3rdparty\voro++\examples\walls\tetrahedron.cc">
      <Filter>源文件</Filter>
    </ClCompile>
    <ClCompile Include="src\3rdparty\voro++\examples\walls\torus.cc">
      <Filter>源文件</Filter>
    </ClCompile>
    <ClCompile Include="src\3rdparty\voro++\src\c_loops.cc">
      <Filter>源文件</Filter>
    </ClCompile>
    <ClCompile Include="src\3rdparty\voro++\src\cell.cc">
      <Filter>源文件</Filter>
    </ClCompile>
    <ClCompile Include="src\3rdparty\voro++\src\cmd_line.cc">
      <Filter>源文件</Filter>
    </ClCompile>
    <ClCompile Include="src\3rdparty\voro++\src\common.cc">
      <Filter>源文件</Filter>
    </ClCompile>
    <ClCompile Include="src\3rdparty\voro++\src\container.cc">
      <Filter>源文件</Filter>
    </ClCompile>
    <ClCompile Include="src\3rdparty\voro++\src\container_prd.cc">
      <Filter>源文件</Filter>
    </ClCompile>
    <ClCompile Include="src\3rdparty\voro++\src\pre_container.cc">
      <Filter>源文件</Filter>
    </ClCompile>
    <ClCompile Include="src\3rdparty\voro++\src\unitcell.cc">
      <Filter>源文件</Filter>
    </ClCompile>
    <ClCompile Include="src\3rdparty\voro++\src\v_base.cc">
      <Filter>源文件</Filter>
    </ClCompile>
    <ClCompile Include="src\3rdparty\voro++\src\v_base_wl.cc">
      <Filter>源文件</Filter>
    </ClCompile>
    <ClCompile Include="src\3rdparty\voro++\src\v_compute.cc">
      <Filter>源文件</Filter>
    </ClCompile>
    <ClCompile Include="src\3rdparty\voro++\src\voro++.cc">
      <Filter>源文件</Filter>
    </ClCompile>
    <ClCompile Include="src\3rdparty\voro++\src\wall.cc">
      <Filter>源文件</Filter>
    </ClCompile>
  </ItemGroup>
  <ItemGroup>
    <ClInclude Include="src\3rdparty\botan\botan\botan.h">
      <Filter>头文件</Filter>
    </ClInclude>
    <ClInclude Include="src\3rdparty\botan\botan\cbc.h">
      <Filter>头文件</Filter>
    </ClInclude>
    <ClInclude Include="src\3rdparty\botan\botan\der_enc.h">
      <Filter>头文件</Filter>
    </ClInclude>
    <ClInclude Include="src\3rdparty\botan\botan\dh.h">
      <Filter>头文件</Filter>
    </ClInclude>
    <ClInclude Include="src\3rdparty\botan\botan\dl_group.h">
      <Filter>头文件</Filter>
    </ClInclude>
    <ClInclude Include="src\3rdparty\botan\botan\dsa.h">
      <Filter>头文件</Filter>
    </ClInclude>
    <ClInclude Include="src\3rdparty\botan\botan\hmac.h">
      <Filter>头文件</Filter>
    </ClInclude>
    <ClInclude Include="src\3rdparty\botan\botan\pem.h">
      <Filter>头文件</Filter>
    </ClInclude>
    <ClInclude Include="src\3rdparty\botan\botan\pk_filts.h">
      <Filter>头文件</Filter>
    </ClInclude>
    <ClInclude Include="src\3rdparty\botan\botan\pkcs8.h">
      <Filter>头文件</Filter>
    </ClInclude>
    <ClInclude Include="src\3rdparty\botan\botan\pubkey.h">
      <Filter>头文件</Filter>
    </ClInclude>
    <ClInclude Include="src\3rdparty\botan\botan\rsa.h">
      <Filter>头文件</Filter>
    </ClInclude>
    <ClInclude Include="src\3rdparty\botan\botan\ui.h">
      <Filter>头文件</Filter>
    </ClInclude>
    <ClInclude Include="src\3rdparty\muparser\muParser.h">
      <Filter>头文件</Filter>
    </ClInclude>
    <ClInclude Include="src\3rdparty\muparser\muParserBase.h">
      <Filter>头文件</Filter>
    </ClInclude>
    <ClInclude Include="src\3rdparty\muparser\muParserBytecode.h">
      <Filter>头文件</Filter>
    </ClInclude>
    <ClInclude Include="src\3rdparty\muparser\muParserCallback.h">
      <Filter>头文件</Filter>
    </ClInclude>
    <ClInclude Include="src\3rdparty\muparser\muParserDef.h">
      <Filter>头文件</Filter>
    </ClInclude>
    <ClInclude Include="src\3rdparty\muparser\muParserDLL.h">
      <Filter>头文件</Filter>
    </ClInclude>
    <ClInclude Include="src\3rdparty\muparser\muParserError.h">
      <Filter>头文件</Filter>
    </ClInclude>
    <ClInclude Include="src\3rdparty\muparser\muParserFixes.h">
      <Filter>头文件</Filter>
    </ClInclude>
    <ClInclude Include="src\3rdparty\muparser\muParserInt.h">
      <Filter>头文件</Filter>
    </ClInclude>
    <ClInclude Include="src\3rdparty\muparser\muParserStack.h">
      <Filter>头文件</Filter>
    </ClInclude>
    <ClInclude Include="src\3rdparty\muparser\muParserTemplateMagic.h">
      <Filter>头文件</Filter>
    </ClInclude>
    <ClInclude Include="src\3rdparty\muparser\muParserTest.h">
      <Filter>头文件</Filter>
    </ClInclude>
    <ClInclude Include="src\3rdparty\muparser\muParserToken.h">
      <Filter>头文件</Filter>
    </ClInclude>
    <ClInclude Include="src\3rdparty\muparser\muParserTokenReader.h">
      <Filter>头文件</Filter>
    </ClInclude>
    <ClInclude Include="src\3rdparty\qcustomplot\qcustomplot.h">
      <Filter>头文件</Filter>
    </ClInclude>
    <ClInclude Include="src\3rdparty\qssh\sftpchannel.h">
      <Filter>头文件</Filter>
    </ClInclude>
    <ClInclude Include="src\3rdparty\qssh\sftpchannel_p.h">
      <Filter>头文件</Filter>
    </ClInclude>
    <ClInclude Include="src\3rdparty\qssh\sftpdefs.h">
      <Filter>头文件</Filter>
    </ClInclude>
    <ClInclude Include="src\3rdparty\qssh\sftpfilesystemmodel.h">
      <Filter>头文件</Filter>
    </ClInclude>
    <ClInclude Include="src\3rdparty\qssh\sftpincomingpacket_p.h">
      <Filter>头文件</Filter>
    </ClInclude>
    <ClInclude Include="src\3rdparty\qssh\sftpoperation_p.h">
      <Filter>头文件</Filter>
    </ClInclude>
    <ClInclude Include="src\3rdparty\qssh\sftpoutgoingpacket_p.h">
      <Filter>头文件</Filter>
    </ClInclude>
    <ClInclude Include="src\3rdparty\qssh\sftppacket_p.h">
      <Filter>头文件</Filter>
    </ClInclude>
    <ClInclude Include="src\3rdparty\qssh\ssh_global.h">
      <Filter>头文件</Filter>
    </ClInclude>
    <ClInclude Include="src\3rdparty\qssh\sshbotanconversions_p.h">
      <Filter>头文件</Filter>
    </ClInclude>
    <ClInclude Include="src\3rdparty\qssh\sshcapabilities_p.h">
      <Filter>头文件</Filter>
    </ClInclude>
    <ClInclude Include="src\3rdparty\qssh\sshchannel_p.h">
      <Filter>头文件</Filter>
    </ClInclude>
    <ClInclude Include="src\3rdparty\qssh\sshchannelmanager_p.h">
      <Filter>头文件</Filter>
    </ClInclude>
    <ClInclude Include="src\3rdparty\qssh\sshconnection.h">
      <Filter>头文件</Filter>
    </ClInclude>
    <ClInclude Include="src\3rdparty\qssh\sshconnection_p.h">
      <Filter>头文件</Filter>
    </ClInclude>
    <ClInclude Include="src\3rdparty\qssh\sshconnectionmanager.h">
      <Filter>头文件</Filter>
    </ClInclude>
    <ClInclude Include="src\3rdparty\qssh\sshcryptofacility_p.h">
      <Filter>头文件</Filter>
    </ClInclude>
    <ClInclude Include="src\3rdparty\qssh\ssherrors.h">
      <Filter>头文件</Filter>
    </ClInclude>
    <ClInclude Include="src\3rdparty\qssh\sshexception_p.h">
      <Filter>头文件</Filter>
    </ClInclude>
    <ClInclude Include="src\3rdparty\qssh\sshincomingpacket_p.h">
      <Filter>头文件</Filter>
    </ClInclude>
    <ClInclude Include="src\3rdparty\qssh\sshkeyexchange_p.h">
      <Filter>头文件</Filter>
    </ClInclude>
    <ClInclude Include="src\3rdparty\qssh\sshkeygenerator.h">
      <Filter>头文件</Filter>
    </ClInclude>
    <ClInclude Include="src\3rdparty\qssh\sshkeypasswordretriever_p.h">
      <Filter>头文件</Filter>
    </ClInclude>
    <ClInclude Include="src\3rdparty\qssh\sshoutgoingpacket_p.h">
      <Filter>头文件</Filter>
    </ClInclude>
    <ClInclude Include="src\3rdparty\qssh\sshpacket_p.h">
      <Filter>头文件</Filter>
    </ClInclude>
    <ClInclude Include="src\3rdparty\qssh\sshpacketparser_p.h">
      <Filter>头文件</Filter>
    </ClInclude>
    <ClInclude Include="src\3rdparty\qssh\sshpseudoterminal.h">
      <Filter>头文件</Filter>
    </ClInclude>
    <ClInclude Include="src\3rdparty\qssh\sshremoteprocess.h">
      <Filter>头文件</Filter>
    </ClInclude>
    <ClInclude Include="src\3rdparty\qssh\sshremoteprocess_p.h">
      <Filter>头文件</Filter>
    </ClInclude>
    <ClInclude Include="src\3rdparty\qssh\sshremoteprocessrunner.h">
      <Filter>头文件</Filter>
    </ClInclude>
    <ClInclude Include="src\3rdparty\qssh\sshsendfacility_p.h">
      <Filter>头文件</Filter>
    </ClInclude>
    <ClInclude Include="src\3rdparty\tachyon\tachyon\apitrigeom.h">
      <Filter>头文件</Filter>
    </ClInclude>
    <ClInclude Include="src\3rdparty\tachyon\tachyon\box.h">
      <Filter>头文件</Filter>
    </ClInclude>
    <ClInclude Include="src\3rdparty\tachyon\tachyon\camera.h">
      <Filter>头文件</Filter>
    </ClInclude>
    <ClInclude Include="src\3rdparty\tachyon\tachyon\cone.h">
      <Filter>头文件</Filter>
    </ClInclude>
    <ClInclude Include="src\3rdparty\tachyon\tachyon\coordsys.h">
      <Filter>头文件</Filter>
    </ClInclude>
    <ClInclude Include="src\3rdparty\tachyon\tachyon\cylinder.h">
      <Filter>头文件</Filter>
    </ClInclude>
    <ClInclude Include="src\3rdparty\tachyon\tachyon\extvol.h">
      <Filter>头文件</Filter>
    </ClInclude>
    <ClInclude Include="src\3rdparty\tachyon\tachyon\global.h">
      <Filter>头文件</Filter>
    </ClInclude>
    <ClInclude Include="src\3rdparty\tachyon\tachyon\grid.h">
      <Filter>头文件</Filter>
    </ClInclude>
    <ClInclude Include="src\3rdparty\tachyon\tachyon\hash.h">
      <Filter>头文件</Filter>
    </ClInclude>
    <ClInclude Include="src\3rdparty\tachyon\tachyon\image.h">
      <Filter>头文件</Filter>
    </ClInclude>
    <ClInclude Include="src\3rdparty\tachyon\tachyon\imageio.h">
      <Filter>头文件</Filter>
    </ClInclude>
    <ClInclude Include="src\3rdparty\tachyon\tachyon\imap.h">
      <Filter>头文件</Filter>
    </ClInclude>
    <ClInclude Include="src\3rdparty\tachyon\tachyon\intersect.h">
      <Filter>头文件</Filter>
    </ClInclude>
    <ClInclude Include="src\3rdparty\tachyon\tachyon\jpeg.h">
      <Filter>头文件</Filter>
    </ClInclude>
    <ClInclude Include="src\3rdparty\tachyon\tachyon\light.h">
      <Filter>头文件</Filter>
    </ClInclude>
    <ClInclude Include="src\3rdparty\tachyon\tachyon\macros.h">
      <Filter>头文件</Filter>
    </ClInclude>
    <ClInclude Include="src\3rdparty\tachyon\tachyon\parallel.h">
      <Filter>头文件</Filter>
    </ClInclude>
    <ClInclude Include="src\3rdparty\tachyon\tachyon\parvol.h">
      <Filter>头文件</Filter>
    </ClInclude>
    <ClInclude Include="src\3rdparty\tachyon\tachyon\plane.h">
      <Filter>头文件</Filter>
    </ClInclude>
    <ClInclude Include="src\3rdparty\tachyon\tachyon\pngfile.h">
      <Filter>头文件</Filter>
    </ClInclude>
    <ClInclude Include="src\3rdparty\tachyon\tachyon\ppm.h">
      <Filter>头文件</Filter>
    </ClInclude>
    <ClInclude Include="src\3rdparty\tachyon\tachyon\psd.h">
      <Filter>头文件</Filter>
    </ClInclude>
    <ClInclude Include="src\3rdparty\tachyon\tachyon\quadric.h">
      <Filter>头文件</Filter>
    </ClInclude>
    <ClInclude Include="src\3rdparty\tachyon\tachyon\render.h">
      <Filter>头文件</Filter>
    </ClInclude>
    <ClInclude Include="src\3rdparty\tachyon\tachyon\ring.h">
      <Filter>头文件</Filter>
    </ClInclude>
    <ClInclude Include="src\3rdparty\tachyon\tachyon\sgirgb.h">
      <Filter>头文件</Filter>
    </ClInclude>
    <ClInclude Include="src\3rdparty\tachyon\tachyon\shade.h">
      <Filter>头文件</Filter>
    </ClInclude>
    <ClInclude Include="src\3rdparty\tachyon\tachyon\sphere.h">
      <Filter>头文件</Filter>
    </ClInclude>
    <ClInclude Include="src\3rdparty\tachyon\tachyon\tachyon.h">
      <Filter>头文件</Filter>
    </ClInclude>
    <ClInclude Include="src\3rdparty\tachyon\tachyon\tachyon_dep.h">
      <Filter>头文件</Filter>
    </ClInclude>
    <ClInclude Include="src\3rdparty\tachyon\tachyon\texture.h">
      <Filter>头文件</Filter>
    </ClInclude>
    <ClInclude Include="src\3rdparty\tachyon\tachyon\tgafile.h">
      <Filter>头文件</Filter>
    </ClInclude>
    <ClInclude Include="src\3rdparty\tachyon\tachyon\threads.h">
      <Filter>头文件</Filter>
    </ClInclude>
    <ClInclude Include="src\3rdparty\tachyon\tachyon\trace.h">
      <Filter>头文件</Filter>
    </ClInclude>
    <ClInclude Include="src\3rdparty\tachyon\tachyon\triangle.h">
      <Filter>头文件</Filter>
    </ClInclude>
    <ClInclude Include="src\3rdparty\tachyon\tachyon\ui.h">
      <Filter>头文件</Filter>
    </ClInclude>
    <ClInclude Include="src\3rdparty\tachyon\tachyon\util.h">
      <Filter>头文件</Filter>
    </ClInclude>
    <ClInclude Include="src\3rdparty\tachyon\tachyon\vector.h">
      <Filter>头文件</Filter>
    </ClInclude>
    <ClInclude Include="src\3rdparty\tachyon\tachyon\vol.h">
      <Filter>头文件</Filter>
    </ClInclude>
    <ClInclude Include="src\3rdparty\tachyon\tachyon\winbmp.h">
      <Filter>头文件</Filter>
    </ClInclude>
    <ClInclude Include="src\3rdparty\voro++\src\c_loops.hh">
      <Filter>头文件</Filter>
    </ClInclude>
    <ClInclude Include="src\3rdparty\voro++\src\cell.hh">
      <Filter>头文件</Filter>
    </ClInclude>
    <ClInclude Include="src\3rdparty\voro++\src\common.hh">
      <Filter>头文件</Filter>
    </ClInclude>
    <ClInclude Include="src\3rdparty\voro++\src\config.hh">
      <Filter>头文件</Filter>
    </ClInclude>
    <ClInclude Include="src\3rdparty\voro++\src\container.hh">
      <Filter>头文件</Filter>
    </ClInclude>
    <ClInclude Include="src\3rdparty\voro++\src\container_prd.hh">
      <Filter>头文件</Filter>
    </ClInclude>
    <ClInclude Include="src\3rdparty\voro++\src\pre_container.hh">
      <Filter>头文件</Filter>
    </ClInclude>
    <ClInclude Include="src\3rdparty\voro++\src\rad_option.hh">
      <Filter>头文件</Filter>
    </ClInclude>
    <ClInclude Include="src\3rdparty\voro++\src\unitcell.hh">
      <Filter>头文件</Filter>
    </ClInclude>
    <ClInclude Include="src\3rdparty\voro++\src\v_base.hh">
      <Filter>头文件</Filter>
    </ClInclude>
    <ClInclude Include="src\3rdparty\voro++\src\v_compute.hh">
      <Filter>头文件</Filter>
    </ClInclude>
    <ClInclude Include="src\3rdparty\voro++\src\voro++.hh">
      <Filter>头文件</Filter>
    </ClInclude>
    <ClInclude Include="src\3rdparty\voro++\src\wall.hh">
      <Filter>头文件</Filter>
    </ClInclude>
    <ClInclude Include="src\3rdparty\voro++\src\worklist.hh">
      <Filter>头文件</Filter>
    </ClInclude>
  </ItemGroup>
  <ItemGroup>
    <None Include="src\3rdparty\voro++\html\annotated.html" />
    <None Include="src\3rdparty\voro++\html\c__loops_8cc.html" />
    <None Include="src\3rdparty\voro++\html\c__loops_8cc_source.html" />
    <None Include="src\3rdparty\voro++\html\c__loops_8hh.html" />
    <None Include="src\3rdparty\voro++\html\c__loops_8hh_source.html" />
    <None Include="src\3rdparty\voro++\html\cell_8cc.html" />
    <None Include="src\3rdparty\voro++\html\cell_8cc_source.html" />
    <None Include="src\3rdparty\voro++\html\cell_8hh.html" />
    <None Include="src\3rdparty\voro++\html\cell_8hh_source.html" />
    <None Include="src\3rdparty\voro++\html\classes.html" />
    <None Include="src\3rdparty\voro++\html\classvoro_1_1c__loop__all.html" />
    <None Include="src\3rdparty\voro++\html\classvoro_1_1c__loop__all__periodic.html" />
    <None Include="src\3rdparty\voro++\html\classvoro_1_1c__loop__base.html" />
    <None Include="src\3rdparty\voro++\html\classvoro_1_1c__loop__order.html" />
    <None Include="src\3rdparty\voro++\html\classvoro_1_1c__loop__order__periodic.html" />
    <None Include="src\3rdparty\voro++\html\classvoro_1_1c__loop__subset.html" />
    <None Include="src\3rdparty\voro++\html\classvoro_1_1container.html" />
    <None Include="src\3rdparty\voro++\html\classvoro_1_1container__base.html" />
    <None Include="src\3rdparty\voro++\html\classvoro_1_1container__periodic.html" />
    <None Include="src\3rdparty\voro++\html\classvoro_1_1container__periodic__base.html" />
    <None Include="src\3rdparty\voro++\html\classvoro_1_1container__periodic__poly.html" />
    <None Include="src\3rdparty\voro++\html\classvoro_1_1container__poly.html" />
    <None Include="src\3rdparty\voro++\html\classvoro_1_1particle__order.html" />
    <None Include="src\3rdparty\voro++\html\classvoro_1_1pre__container.html" />
    <None Include="src\3rdparty\voro++\html\classvoro_1_1pre__container__base.html" />
    <None Include="src\3rdparty\voro++\html\classvoro_1_1pre__container__poly.html" />
    <None Include="src\3rdparty\voro++\html\classvoro_1_1radius__mono.html" />
    <None Include="src\3rdparty\voro++\html\classvoro_1_1radius__poly.html" />
    <None Include="src\3rdparty\voro++\html\classvoro_1_1unitcell.html" />
    <None Include="src\3rdparty\voro++\html\classvoro_1_1voro__base.html" />
    <None Include="src\3rdparty\voro++\html\classvoro_1_1voro__compute.html" />
    <None Include="src\3rdparty\voro++\html\classvoro_1_1voronoicell.html" />
    <None Include="src\3rdparty\voro++\html\classvoro_1_1voronoicell__base.html" />
    <None Include="src\3rdparty\voro++\html\classvoro_1_1voronoicell__neighbor.html" />
    <None Include="src\3rdparty\voro++\html\classvoro_1_1wall.html" />
    <None Include="src\3rdparty\voro++\html\classvoro_1_1wall__list.html" />
    <None Include="src\3rdparty\voro++\html\common_8cc.html" />
    <None Include="src\3rdparty\voro++\html\common_8cc_source.html" />
    <None Include="src\3rdparty\voro++\html\common_8hh.html" />
    <None Include="src\3rdparty\voro++\html\common_8hh_source.html" />
    <None Include="src\3rdparty\voro++\html\config_8hh.html" />
    <None Include="src\3rdparty\voro++\html\config_8hh_source.html" />
    <None Include="src\3rdparty\voro++\html\container__prd_8cc.html" />
    <None Include="src\3rdparty\voro++\html\container__prd_8cc_source.html" />
    <None Include="src\3rdparty\voro++\html\container__prd_8hh.html" />
    <None Include="src\3rdparty\voro++\html\container__prd_8hh_source.html" />
    <None Include="src\3rdparty\voro++\html\container_8cc.html" />
    <None Include="src\3rdparty\voro++\html\container_8cc_source.html" />
    <None Include="src\3rdparty\voro++\html\container_8hh.html" />
    <None Include="src\3rdparty\voro++\html\container_8hh_source.html" />
    <None Include="src\3rdparty\voro++\html\files.html" />
    <None Include="src\3rdparty\voro++\html\functions.html" />
    <None Include="src\3rdparty\voro++\html\functions_0x6a.html" />
    <None Include="src\3rdparty\voro++\html\functions_0x6b.html" />
    <None Include="src\3rdparty\voro++\html\functions_0x6c.html" />
    <None Include="src\3rdparty\voro++\html\functions_0x6d.html" />
    <None Include="src\3rdparty\voro++\html\functions_0x6e.html" />
    <None Include="src\3rdparty\voro++\html\functions_0x6f.html" />
    <None Include="src\3rdparty\voro++\html\functions_0x7a.html" />
    <None Include="src\3rdparty\voro++\html\functions_0x7e.html" />
    <None Include="src\3rdparty\voro++\html\functions_0x62.html" />
    <None Include="src\3rdparty\voro++\html\functions_0x63.html" />
    <None Include="src\3rdparty\voro++\html\functions_0x64.html" />
    <None Include="src\3rdparty\voro++\html\functions_0x65.html" />
    <None Include="src\3rdparty\voro++\html\functions_0x66.html" />
    <None Include="src\3rdparty\voro++\html\functions_0x67.html" />
    <None Include="src\3rdparty\voro++\html\functions_0x68.html" />
    <None Include="src\3rdparty\voro++\html\functions_0x69.html" />
    <None Include="src\3rdparty\voro++\html\functions_0x70.html" />
    <None Include="src\3rdparty\voro++\html\functions_0x71.html" />
    <None Include="src\3rdparty\voro++\html\functions_0x72.html" />
    <None Include="src\3rdparty\voro++\html\functions_0x73.html" />
    <None Include="src\3rdparty\voro++\html\functions_0x74.html" />
    <None Include="src\3rdparty\voro++\html\functions_0x75.html" />
    <None Include="src\3rdparty\voro++\html\functions_0x76.html" />
    <None Include="src\3rdparty\voro++\html\functions_0x77.html" />
    <None Include="src\3rdparty\voro++\html\functions_0x78.html" />
    <None Include="src\3rdparty\voro++\html\functions_0x79.html" />
    <None Include="src\3rdparty\voro++\html\functions_func.html" />
    <None Include="src\3rdparty\voro++\html\functions_func_0x6d.html" />
    <None Include="src\3rdparty\voro++\html\functions_func_0x6e.html" />
    <None Include="src\3rdparty\voro++\html\functions_func_0x6f.html" />
    <None Include="src\3rdparty\voro++\html\functions_func_0x7a.html" />
    <None Include="src\3rdparty\voro++\html\functions_func_0x7e.html" />
    <None Include="src\3rdparty\voro++\html\functions_func_0x63.html" />
    <None Include="src\3rdparty\voro++\html\functions_func_0x64.html" />
    <None Include="src\3rdparty\voro++\html\functions_func_0x65.html" />
    <None Include="src\3rdparty\voro++\html\functions_func_0x66.html" />
    <None Include="src\3rdparty\voro++\html\functions_func_0x67.html" />
    <None Include="src\3rdparty\voro++\html\functions_func_0x69.html" />
    <None Include="src\3rdparty\voro++\html\functions_func_0x70.html" />
    <None Include="src\3rdparty\voro++\html\functions_func_0x72.html" />
    <None Include="src\3rdparty\voro++\html\functions_func_0x73.html" />
    <None Include="src\3rdparty\voro++\html\functions_func_0x74.html" />
    <None Include="src\3rdparty\voro++\html\functions_func_0x75.html" />
    <None Include="src\3rdparty\voro++\html\functions_func_0x76.html" />
    <None Include="src\3rdparty\voro++\html\functions_func_0x77.html" />
    <None Include="src\3rdparty\voro++\html\functions_func_0x78.html" />
    <None Include="src\3rdparty\voro++\html\functions_func_0x79.html" />
    <None Include="src\3rdparty\voro++\html\functions_vars.html" />
    <None Include="src\3rdparty\voro++\html\globals.html" />
    <None Include="src\3rdparty\voro++\html\globals_defs.html" />
    <None Include="src\3rdparty\voro++\html\hierarchy.html" />
    <None Include="src\3rdparty\voro++\html\index.html" />
    <None Include="src\3rdparty\voro++\html\pre__container_8cc.html" />
    <None Include="src\3rdparty\voro++\html\pre__container_8cc_source.html" />
    <None Include="src\3rdparty\voro++\html\pre__container_8hh.html" />
    <None Include="src\3rdparty\voro++\html\pre__container_8hh_source.html" />
    <None Include="src\3rdparty\voro++\html\rad__option_8hh.html" />
    <None Include="src\3rdparty\voro++\html\rad__option_8hh_source.html" />
    <None Include="src\3rdparty\voro++\html\structvoro_1_1particle__record.html" />
    <None Include="src\3rdparty\voro++\html\structvoro_1_1wall__cone.html" />
    <None Include="src\3rdparty\voro++\html\structvoro_1_1wall__cylinder.html" />
    <None Include="src\3rdparty\voro++\html\structvoro_1_1wall__plane.html" />
    <None Include="src\3rdparty\voro++\html\structvoro_1_1wall__sphere.html" />
    <None Include="src\3rdparty\voro++\html\unitcell_8cc.html" />
    <None Include="src\3rdparty\voro++\html\unitcell_8cc_source.html" />
    <None Include="src\3rdparty\voro++\html\unitcell_8hh.html" />
    <None Include="src\3rdparty\voro++\html\unitcell_8hh_source.html" />
    <None Include="src\3rdparty\voro++\html\v__base__wl_8cc.html" />
    <None Include="src\3rdparty\voro++\html\v__base__wl_8cc_source.html" />
    <None Include="src\3rdparty\voro++\html\v__base_8cc.html" />
    <None Include="src\3rdparty\voro++\html\v__base_8cc_source.html" />
    <None Include="src\3rdparty\voro++\html\v__base_8hh.html" />
    <None Include="src\3rdparty\voro++\html\v__base_8hh_source.html" />
    <None Include="src\3rdparty\voro++\html\v__compute_8cc.html" />
    <None Include="src\3rdparty\voro++\html\v__compute_8cc_source.html" />
    <None Include="src\3rdparty\voro++\html\v__compute_8hh.html" />
    <None Include="src\3rdparty\voro++\html\v__compute_8hh_source.html" />
    <None Include="src\3rdparty\voro++\html\voro_09_09_8cc.html" />
    <None Include="src\3rdparty\voro++\html\voro_09_09_8cc_source.html" />
    <None Include="src\3rdparty\voro++\html\voro_09_09_8hh.html" />
    <None Include="src\3rdparty\voro++\html\voro_09_09_8hh_source.html" />
    <None Include="src\3rdparty\voro++\html\wall_8cc.html" />
    <None Include="src\3rdparty\voro++\html\wall_8cc_source.html" />
    <None Include="src\3rdparty\voro++\html\wall_8hh.html" />
    <None Include="src\3rdparty\voro++\html\wall_8hh_source.html" />
    <None Include="src\3rdparty\voro++\html\worklist_8hh.html" />
    <None Include="src\3rdparty\voro++\html\worklist_8hh_source.html" />
    <None Include=".gitattributes" />
    <None Include=".gitignore" />
  </ItemGroup>
  <ItemGroup>
    <Text Include="CMakeLists.txt" />
    <Text Include="LICENSE.txt" />
    <Text Include="README.txt" />
  </ItemGroup>
</Project>